
Microsoft Visual Studio Solution File, Format Version 12.00
# Visual Studio Version 17
VisualStudioVersion = 17.11.35303.130
MinimumVisualStudioVersion = 10.0.40219.1
Project("{2150E333-8FDC-42A3-9474-1A3956D46DE8}") = "Task0", "Task0", "{00606B77-8E49-4191-B8DC-51D40708D7A4}"
EndProject
Project("{9A19103F-16F7-4668-BE54-9A1E7A4F7556}") = "Tyuiu.SafonovRV.Sprint4.Task0.V29", "Tyuiu.SafonovRV.Sprint4.Task0.V29\Tyuiu.SafonovRV.Sprint4.Task0.V29.csproj", "{A6D82662-2C8C-4B0B-BBA2-DEC1702C1FC5}"
EndProject
Project("{9A19103F-16F7-4668-BE54-9A1E7A4F7556}") = "Tyuiu.SafonovRV.Sprint4.Task0.V29.Lib", "Tyuiu.SafonovRV.Sprint4.Task0.V29.Lib\Tyuiu.SafonovRV.Sprint4.Task0.V29.Lib.csproj", "{68A18759-BE27-42E2-8B18-5B933818E7BF}"
EndProject
Project("{9A19103F-16F7-4668-BE54-9A1E7A4F7556}") = "Tyuiu.SafonovRV.Sprint4.Task0.V29.Test", "Tyuiu.SafonovRV.Sprint4.Task0.V29.Test\Tyuiu.SafonovRV.Sprint4.Task0.V29.Test.csproj", "{7A3F97CD-B179-4F24-A3DE-C0C52A65D795}"
EndProject
Project("{2150E333-8FDC-42A3-9474-1A3956D46DE8}") = "Task1", "Task1", "{37B9856D-7997-4618-90D2-E1B30FF4B212}"
EndProject
Project("{FAE04EC0-301F-11D3-BF4B-00C04F79EFBC}") = "Tyuiu.SafonovRV.Sprint4.Task1.V15", "Tyuiu.SafonovRV.Sprint4.Task1.V15\Tyuiu.SafonovRV.Sprint4.Task1.V15.csproj", "{AE9B5648-F890-42F2-ABCB-A2524589E97F}"
EndProject
Project("{FAE04EC0-301F-11D3-BF4B-00C04F79EFBC}") = "Tyuiu.SafonovRV.Sprint4.Task1.V15.Lib", "Tyuiu.SafonovRV.Sprint4.Task1.V15.Lib\Tyuiu.SafonovRV.Sprint4.Task1.V15.Lib.csproj", "{EA09D609-7AE7-4152-AEF0-F03849DDB6F9}"
EndProject
Project("{FAE04EC0-301F-11D3-BF4B-00C04F79EFBC}") = "Tyuiu.SafonovRV.Sprint4.Task1.V15.Test", "Tyuiu.SafonovRV.Sprint4.Task1.V15.Test\Tyuiu.SafonovRV.Sprint4.Task1.V15.Test.csproj", "{8DECFC50-3340-47D3-BCF3-81457A275CC3}"
EndProject
Project("{2150E333-8FDC-42A3-9474-1A3956D46DE8}") = "Task2", "Task2", "{843EAEF9-58C4-4424-B5B2-BE674441EC3E}"
EndProject
Project("{FAE04EC0-301F-11D3-BF4B-00C04F79EFBC}") = "Tyuiu.SafonovRV.Sprint4.Task2.V17", "Tyuiu.SafonovRV.Sprint4.Task2.V17\Tyuiu.SafonovRV.Sprint4.Task2.V17.csproj", "{9EDD0889-D7FE-4818-8312-B648000E71C4}"
EndProject
Project("{FAE04EC0-301F-11D3-BF4B-00C04F79EFBC}") = "Tyuiu.SafonovRV.Sprint4.Task2.V17.Lib", "Tyuiu.SafonovRV.Sprint4.Task2.V17.Lib\Tyuiu.SafonovRV.Sprint4.Task2.V17.Lib.csproj", "{A43DD384-483A-4D03-8B9C-09C692C27E7A}"
EndProject
Project("{FAE04EC0-301F-11D3-BF4B-00C04F79EFBC}") = "Tyuiu.SafonovRV.Sprint4.Task2.V17.Test", "Tyuiu.SafonovRV.Sprint4.Task2.V17.Test\Tyuiu.SafonovRV.Sprint4.Task2.V17.Test.csproj", "{A595606F-7C24-476B-BC2B-7907F70599A1}"
EndProject
Project("{2150E333-8FDC-42A3-9474-1A3956D46DE8}") = "Task3", "Task3", "{F45165B0-AFD0-42D8-B2F5-53D5D7400720}"
EndProject
Project("{FAE04EC0-301F-11D3-BF4B-00C04F79EFBC}") = "Tyuiu.SafonovRV.Sprint4.Task3.V26", "Tyuiu.SafonovRV.Sprint4.Task3.V26\Tyuiu.SafonovRV.Sprint4.Task3.V26.csproj", "{3A0C87DA-7F38-4058-90DE-1D3707A96E25}"
EndProject
Project("{FAE04EC0-301F-11D3-BF4B-00C04F79EFBC}") = "Tyuiu.SafonovRV.Sprint4.Task3.V26.Lib", "Tyuiu.SafonovRV.Sprint4.Task3.V26.Lib\Tyuiu.SafonovRV.Sprint4.Task3.V26.Lib.csproj", "{04888EEF-0163-406B-9D70-58CEA4DF7C88}"
EndProject
Project("{FAE04EC0-301F-11D3-BF4B-00C04F79EFBC}") = "Tyuiu.SafonovRV.Sprint4.Task3.V26.Test", "Tyuiu.SafonovRV.Sprint4.Task3.V26.Test\Tyuiu.SafonovRV.Sprint4.Task3.V26.Test.csproj", "{E3C67F3C-3363-48E7-9031-93F529355E36}"
EndProject
Global
	GlobalSection(SolutionConfigurationPlatforms) = preSolution
		Debug|Any CPU = Debug|Any CPU
		Release|Any CPU = Release|Any CPU
	EndGlobalSection
	GlobalSection(ProjectConfigurationPlatforms) = postSolution
		{A6D82662-2C8C-4B0B-BBA2-DEC1702C1FC5}.Debug|Any CPU.ActiveCfg = Debug|Any CPU
		{A6D82662-2C8C-4B0B-BBA2-DEC1702C1FC5}.Debug|Any CPU.Build.0 = Debug|Any CPU
		{A6D82662-2C8C-4B0B-BBA2-DEC1702C1FC5}.Release|Any CPU.ActiveCfg = Release|Any CPU
		{A6D82662-2C8C-4B0B-BBA2-DEC1702C1FC5}.Release|Any CPU.Build.0 = Release|Any CPU
		{68A18759-BE27-42E2-8B18-5B933818E7BF}.Debug|Any CPU.ActiveCfg = Debug|Any CPU
		{68A18759-BE27-42E2-8B18-5B933818E7BF}.Debug|Any CPU.Build.0 = Debug|Any CPU
		{68A18759-BE27-42E2-8B18-5B933818E7BF}.Release|Any CPU.ActiveCfg = Release|Any CPU
		{68A18759-BE27-42E2-8B18-5B933818E7BF}.Release|Any CPU.Build.0 = Release|Any CPU
		{7A3F97CD-B179-4F24-A3DE-C0C52A65D795}.Debug|Any CPU.ActiveCfg = Debug|Any CPU
		{7A3F97CD-B179-4F24-A3DE-C0C52A65D795}.Debug|Any CPU.Build.0 = Debug|Any CPU
		{7A3F97CD-B179-4F24-A3DE-C0C52A65D795}.Release|Any CPU.ActiveCfg = Release|Any CPU
		{7A3F97CD-B179-4F24-A3DE-C0C52A65D795}.Release|Any CPU.Build.0 = Release|Any CPU
		{AE9B5648-F890-42F2-ABCB-A2524589E97F}.Debug|Any CPU.ActiveCfg = Debug|Any CPU
		{AE9B5648-F890-42F2-ABCB-A2524589E97F}.Debug|Any CPU.Build.0 = Debug|Any CPU
		{AE9B5648-F890-42F2-ABCB-A2524589E97F}.Release|Any CPU.ActiveCfg = Release|Any CPU
		{AE9B5648-F890-42F2-ABCB-A2524589E97F}.Release|Any CPU.Build.0 = Release|Any CPU
		{EA09D609-7AE7-4152-AEF0-F03849DDB6F9}.Debug|Any CPU.ActiveCfg = Debug|Any CPU
		{EA09D609-7AE7-4152-AEF0-F03849DDB6F9}.Debug|Any CPU.Build.0 = Debug|Any CPU
		{EA09D609-7AE7-4152-AEF0-F03849DDB6F9}.Release|Any CPU.ActiveCfg = Release|Any CPU
		{EA09D609-7AE7-4152-AEF0-F03849DDB6F9}.Release|Any CPU.Build.0 = Release|Any CPU
		{8DECFC50-3340-47D3-BCF3-81457A275CC3}.Debug|Any CPU.ActiveCfg = Debug|Any CPU
		{8DECFC50-3340-47D3-BCF3-81457A275CC3}.Debug|Any CPU.Build.0 = Debug|Any CPU
		{8DECFC50-3340-47D3-BCF3-81457A275CC3}.Release|Any CPU.ActiveCfg = Release|Any CPU
		{8DECFC50-3340-47D3-BCF3-81457A275CC3}.Release|Any CPU.Build.0 = Release|Any CPU
		{9EDD0889-D7FE-4818-8312-B648000E71C4}.Debug|Any CPU.ActiveCfg = Debug|Any CPU
		{9EDD0889-D7FE-4818-8312-B648000E71C4}.Debug|Any CPU.Build.0 = Debug|Any CPU
		{9EDD0889-D7FE-4818-8312-B648000E71C4}.Release|Any CPU.ActiveCfg = Release|Any CPU
		{9EDD0889-D7FE-4818-8312-B648000E71C4}.Release|Any CPU.Build.0 = Release|Any CPU
		{A43DD384-483A-4D03-8B9C-09C692C27E7A}.Debug|Any CPU.ActiveCfg = Debug|Any CPU
		{A43DD384-483A-4D03-8B9C-09C692C27E7A}.Debug|Any CPU.Build.0 = Debug|Any CPU
		{A43DD384-483A-4D03-8B9C-09C692C27E7A}.Release|Any CPU.ActiveCfg = Release|Any CPU
		{A43DD384-483A-4D03-8B9C-09C692C27E7A}.Release|Any CPU.Build.0 = Release|Any CPU
		{A595606F-7C24-476B-BC2B-7907F70599A1}.Debug|Any CPU.ActiveCfg = Debug|Any CPU
		{A595606F-7C24-476B-BC2B-7907F70599A1}.Debug|Any CPU.Build.0 = Debug|Any CPU
		{A595606F-7C24-476B-BC2B-7907F70599A1}.Release|Any CPU.ActiveCfg = Release|Any CPU
		{A595606F-7C24-476B-BC2B-7907F70599A1}.Release|Any CPU.Build.0 = Release|Any CPU
		{3A0C87DA-7F38-4058-90DE-1D3707A96E25}.Debug|Any CPU.ActiveCfg = Debug|Any CPU
		{3A0C87DA-7F38-4058-90DE-1D3707A96E25}.Debug|Any CPU.Build.0 = Debug|Any CPU
		{3A0C87DA-7F38-4058-90DE-1D3707A96E25}.Release|Any CPU.ActiveCfg = Release|Any CPU
		{3A0C87DA-7F38-4058-90DE-1D3707A96E25}.Release|Any CPU.Build.0 = Release|Any CPU
		{04888EEF-0163-406B-9D70-58CEA4DF7C88}.Debug|Any CPU.ActiveCfg = Debug|Any CPU
		{04888EEF-0163-406B-9D70-58CEA4DF7C88}.Debug|Any CPU.Build.0 = Debug|Any CPU
		{04888EEF-0163-406B-9D70-58CEA4DF7C88}.Release|Any CPU.ActiveCfg = Release|Any CPU
		{04888EEF-0163-406B-9D70-58CEA4DF7C88}.Release|Any CPU.Build.0 = Release|Any CPU
		{E3C67F3C-3363-48E7-9031-93F529355E36}.Debug|Any CPU.ActiveCfg = Debug|Any CPU
		{E3C67F3C-3363-48E7-9031-93F529355E36}.Debug|Any CPU.Build.0 = Debug|Any CPU
		{E3C67F3C-3363-48E7-9031-93F529355E36}.Release|Any CPU.ActiveCfg = Release|Any CPU
		{E3C67F3C-3363-48E7-9031-93F529355E36}.Release|Any CPU.Build.0 = Release|Any CPU
	EndGlobalSection
	GlobalSection(SolutionProperties) = preSolution
		HideSolutionNode = FALSE
	EndGlobalSection
	GlobalSection(NestedProjects) = preSolution
		{A6D82662-2C8C-4B0B-BBA2-DEC1702C1FC5} = {00606B77-8E49-4191-B8DC-51D40708D7A4}
		{68A18759-BE27-42E2-8B18-5B933818E7BF} = {00606B77-8E49-4191-B8DC-51D40708D7A4}
		{7A3F97CD-B179-4F24-A3DE-C0C52A65D795} = {00606B77-8E49-4191-B8DC-51D40708D7A4}
		{AE9B5648-F890-42F2-ABCB-A2524589E97F} = {37B9856D-7997-4618-90D2-E1B30FF4B212}
		{EA09D609-7AE7-4152-AEF0-F03849DDB6F9} = {37B9856D-7997-4618-90D2-E1B30FF4B212}
		{8DECFC50-3340-47D3-BCF3-81457A275CC3} = {37B9856D-7997-4618-90D2-E1B30FF4B212}
		{9EDD0889-D7FE-4818-8312-B648000E71C4} = {843EAEF9-58C4-4424-B5B2-BE674441EC3E}
		{A43DD384-483A-4D03-8B9C-09C692C27E7A} = {843EAEF9-58C4-4424-B5B2-BE674441EC3E}
		{A595606F-7C24-476B-BC2B-7907F70599A1} = {843EAEF9-58C4-4424-B5B2-BE674441EC3E}
		{3A0C87DA-7F38-4058-90DE-1D3707A96E25} = {F45165B0-AFD0-42D8-B2F5-53D5D7400720}
		{04888EEF-0163-406B-9D70-58CEA4DF7C88} = {F45165B0-AFD0-42D8-B2F5-53D5D7400720}
		{E3C67F3C-3363-48E7-9031-93F529355E36} = {F45165B0-AFD0-42D8-B2F5-53D5D7400720}
	EndGlobalSection
	GlobalSection(ExtensibilityGlobals) = postSolution
		SolutionGuid = {462C37B8-553C-4F22-8338-B2718C55DAE9}
	EndGlobalSection
EndGlobal
